
Microsoft Visual Studio Solution File, Format Version 12.00
# Visual Studio Version 16
VisualStudioVersion = 16.0.30011.22
MinimumVisualStudioVersion = 10.0.40219.1
Project("{FAE04EC0-301F-11D3-BF4B-00C04F79EFBC}") = "TH03", "TH03\TH03.csproj", "{9EF08399-25D2-4235-9573-5F1C98ABDEC3}"
EndProject
Global
	GlobalSection(SolutionConfigurationPlatforms) = preSolution
		Debug|Any CPU = Debug|Any CPU
		Release|Any CPU = Release|Any CPU
	EndGlobalSection
	GlobalSection(ProjectConfigurationPlatforms) = postSolution
		{9EF08399-25D2-4235-9573-5F1C98ABDEC3}.Debug|Any CPU.ActiveCfg = Debug|Any CPU
		{9EF08399-25D2-4235-9573-5F1C98ABDEC3}.Debug|Any CPU.Build.0 = Debug|Any CPU
		{9EF08399-25D2-4235-9573-5F1C98ABDEC3}.Release|Any CPU.ActiveCfg = Release|Any CPU
		{9EF08399-25D2-4235-9573-5F1C98ABDEC3}.Release|Any CPU.Build.0 = Release|Any CPU
	EndGlobalSection
	GlobalSection(SolutionProperties) = preSolution
		HideSolutionNode = FALSE
	EndGlobalSection
	GlobalSection(ExtensibilityGlobals) = postSolution
		SolutionGuid = {AA22AF80-21EB-422C-9FDB-786BDCA345D8}
	EndGlobalSection
EndGlobal
